
Microsoft Visual Studio Solution File, Format Version 12.00
# Visual Studio Version 17
VisualStudioVersion = 17.3.32811.315
MinimumVisualStudioVersion = 10.0.40219.1
Project("{2150E333-8FDC-42A3-9474-1A3956D46DE8}") = "src", "src", "{690E9593-47EF-491E-B599-C84E4528D136}"
EndProject
Project("{2150E333-8FDC-42A3-9474-1A3956D46DE8}") = "tests", "tests", "{1918CCE4-1704-4673-B6A8-C66A38552667}"
EndProject
Project("{9A19103F-16F7-4668-BE54-9A1E7A4F7556}") = "FC.Codeflix.Catalog.UnitTests", "tests\FC.Codeflix.Catalog.UnitTests\FC.Codeflix.Catalog.UnitTests.csproj", "{263C547C-8FD3-4670-B511-577F901DCCCF}"
EndProject
Project("{9A19103F-16F7-4668-BE54-9A1E7A4F7556}") = "FC.Codeflix.Catalog.Domain", "src\FC.Codeflix.Catalog.Domain\FC.Codeflix.Catalog.Domain.csproj", "{EFEDC987-7E57-42CB-8698-4A54296ECAFD}"
EndProject
Project("{9A19103F-16F7-4668-BE54-9A1E7A4F7556}") = "FC.Codeflix.Catalog.Application", "src\FC.Codeflix.Catalog.Application\FC.Codeflix.Catalog.Application.csproj", "{F4650761-A295-4EBE-964E-F4E6F38492C9}"
EndProject
Project("{9A19103F-16F7-4668-BE54-9A1E7A4F7556}") = "FC.Codeflix.Catalog.IntegrationTests", "tests\FC.Codeflix.Catalog.IntegrationTests\FC.Codeflix.Catalog.IntegrationTests.csproj", "{7E177FC9-2F14-4589-A6AA-8C6453818715}"
EndProject
Project("{9A19103F-16F7-4668-BE54-9A1E7A4F7556}") = "FC.Codeflix.Catalog.Infra.Data.EF", "src\FC.Codeflix.Catalog.Infra.Data.EF\FC.Codeflix.Catalog.Infra.Data.EF.csproj", "{3265324B-CD46-439C-B4BC-B8EDD9FE7CF9}"
EndProject
Project("{9A19103F-16F7-4668-BE54-9A1E7A4F7556}") = "FC.Codeflix.Catalog.EndToEndTests", "tests\FC.Codeflix.Catalog.EndToEndTests\FC.Codeflix.Catalog.EndToEndTests.csproj", "{9C4DD88D-FC83-47B4-B425-621B81C00744}"
EndProject
Project("{9A19103F-16F7-4668-BE54-9A1E7A4F7556}") = "FC.Codeflix.Catalog.Api", "src\FC.Codeflix.Catalog.Api\FC.Codeflix.Catalog.Api.csproj", "{9A65EEE3-949F-4423-93C2-50E7EC72DB3D}"
EndProject
Project("{2150E333-8FDC-42A3-9474-1A3956D46DE8}") = "env", "env", "{C8B6342B-B799-4DDA-A689-3D178986F9E5}"
	ProjectSection(SolutionItems) = preProject
		docker-compose.yml = docker-compose.yml
	EndProjectSection
EndProject
Global
	GlobalSection(SolutionConfigurationPlatforms) = preSolution
		Debug|Any CPU = Debug|Any CPU
		Release|Any CPU = Release|Any CPU
	EndGlobalSection
	GlobalSection(ProjectConfigurationPlatforms) = postSolution
		{263C547C-8FD3-4670-B511-577F901DCCCF}.Debug|Any CPU.ActiveCfg = Debug|Any CPU
		{263C547C-8FD3-4670-B511-577F901DCCCF}.Debug|Any CPU.Build.0 = Debug|Any CPU
		{263C547C-8FD3-4670-B511-577F901DCCCF}.Release|Any CPU.ActiveCfg = Release|Any CPU
		{263C547C-8FD3-4670-B511-577F901DCCCF}.Release|Any CPU.Build.0 = Release|Any CPU
		{EFEDC987-7E57-42CB-8698-4A54296ECAFD}.Debug|Any CPU.ActiveCfg = Debug|Any CPU
		{EFEDC987-7E57-42CB-8698-4A54296ECAFD}.Debug|Any CPU.Build.0 = Debug|Any CPU
		{EFEDC987-7E57-42CB-8698-4A54296ECAFD}.Release|Any CPU.ActiveCfg = Release|Any CPU
		{EFEDC987-7E57-42CB-8698-4A54296ECAFD}.Release|Any CPU.Build.0 = Release|Any CPU
		{F4650761-A295-4EBE-964E-F4E6F38492C9}.Debug|Any CPU.ActiveCfg = Debug|Any CPU
		{F4650761-A295-4EBE-964E-F4E6F38492C9}.Debug|Any CPU.Build.0 = Debug|Any CPU
		{F4650761-A295-4EBE-964E-F4E6F38492C9}.Release|Any CPU.ActiveCfg = Release|Any CPU
		{F4650761-A295-4EBE-964E-F4E6F38492C9}.Release|Any CPU.Build.0 = Release|Any CPU
		{7E177FC9-2F14-4589-A6AA-8C6453818715}.Debug|Any CPU.ActiveCfg = Debug|Any CPU
		{7E177FC9-2F14-4589-A6AA-8C6453818715}.Debug|Any CPU.Build.0 = Debug|Any CPU
		{7E177FC9-2F14-4589-A6AA-8C6453818715}.Release|Any CPU.ActiveCfg = Release|Any CPU
		{7E177FC9-2F14-4589-A6AA-8C6453818715}.Release|Any CPU.Build.0 = Release|Any CPU
		{3265324B-CD46-439C-B4BC-B8EDD9FE7CF9}.Debug|Any CPU.ActiveCfg = Debug|Any CPU
		{3265324B-CD46-439C-B4BC-B8EDD9FE7CF9}.Debug|Any CPU.Build.0 = Debug|Any CPU
		{3265324B-CD46-439C-B4BC-B8EDD9FE7CF9}.Release|Any CPU.ActiveCfg = Release|Any CPU
		{3265324B-CD46-439C-B4BC-B8EDD9FE7CF9}.Release|Any CPU.Build.0 = Release|Any CPU
		{9C4DD88D-FC83-47B4-B425-621B81C00744}.Debug|Any CPU.ActiveCfg = Debug|Any CPU
		{9C4DD88D-FC83-47B4-B425-621B81C00744}.Debug|Any CPU.Build.0 = Debug|Any CPU
		{9C4DD88D-FC83-47B4-B425-621B81C00744}.Release|Any CPU.ActiveCfg = Release|Any CPU
		{9C4DD88D-FC83-47B4-B425-621B81C00744}.Release|Any CPU.Build.0 = Release|Any CPU
		{9A65EEE3-949F-4423-93C2-50E7EC72DB3D}.Debug|Any CPU.ActiveCfg = Debug|Any CPU
		{9A65EEE3-949F-4423-93C2-50E7EC72DB3D}.Debug|Any CPU.Build.0 = Debug|Any CPU
		{9A65EEE3-949F-4423-93C2-50E7EC72DB3D}.Release|Any CPU.ActiveCfg = Release|Any CPU
		{9A65EEE3-949F-4423-93C2-50E7EC72DB3D}.Release|Any CPU.Build.0 = Release|Any CPU
	EndGlobalSection
	GlobalSection(SolutionProperties) = preSolution
		HideSolutionNode = FALSE
	EndGlobalSection
	GlobalSection(NestedProjects) = preSolution
		{263C547C-8FD3-4670-B511-577F901DCCCF} = {1918CCE4-1704-4673-B6A8-C66A38552667}
		{EFEDC987-7E57-42CB-8698-4A54296ECAFD} = {690E9593-47EF-491E-B599-C84E4528D136}
		{F4650761-A295-4EBE-964E-F4E6F38492C9} = {690E9593-47EF-491E-B599-C84E4528D136}
		{7E177FC9-2F14-4589-A6AA-8C6453818715} = {1918CCE4-1704-4673-B6A8-C66A38552667}
		{3265324B-CD46-439C-B4BC-B8EDD9FE7CF9} = {690E9593-47EF-491E-B599-C84E4528D136}
		{9C4DD88D-FC83-47B4-B425-621B81C00744} = {1918CCE4-1704-4673-B6A8-C66A38552667}
		{9A65EEE3-949F-4423-93C2-50E7EC72DB3D} = {690E9593-47EF-491E-B599-C84E4528D136}
	EndGlobalSection
	GlobalSection(ExtensibilityGlobals) = postSolution
		SolutionGuid = {2FF7C8C3-D408-4896-B611-B4C025B892CF}
	EndGlobalSection
EndGlobal
